schema: '2.0'
stages:
  downloda-data:
    cmd: kaggle competitions download --force -c made-cv-2021-contest-02-license-plate-recognition
      -p ./data/raw
    outs:
    - path: ./data/raw/made-cv-2021-contest-02-license-plate-recognition.zip
      md5: 7b442b92eabd899141e27ff0d7944f32
      size: 6480287422
  convert_images:
    cmd: python ./convert_images.py -cd ./configs
    deps:
    - path: ./config_data/convert_config.py
      md5: 4d501fb2755b8b990e5b2da02138d7a7
      size: 164
    - path: ./configs/convert_images.yaml
      md5: 703775aa39497a98bd991aa0498de04e
      size: 104
    - path: ./convert_images.py
      md5: 2367a63895481a7d6d95ab4d08bc3445
      size: 3292
    - path: ./data/raw/made-cv-2021-contest-02-license-plate-recognition.zip
      md5: 7b442b92eabd899141e27ff0d7944f32
      size: 6480287422
    outs:
    - path: ./data/converted
      md5: 514408ece1db711fb539c927c674c5f8.dir
      size: 7867426518
      nfiles: 28790
