schema: '2.0'
stages:
  downloda-data:
    cmd: kaggle competitions download --force -c made-cv-2021-contest-02-license-plate-recognition
      -p ./data/raw
    outs:
    - path: ./data/raw/made-cv-2021-contest-02-license-plate-recognition.zip
      md5: 7b442b92eabd899141e27ff0d7944f32
      size: 6480287422
  unzip:
    cmd: python -m zipfile -e ./data/raw/made-cv-2021-contest-02-license-plate-recognition.zip
      ./data/raw/made-cv-2021-contest-02-license-plate-recognition
    deps:
    - path: ./data/raw/made-cv-2021-contest-02-license-plate-recognition.zip
      md5: 7b442b92eabd899141e27ff0d7944f32
      size: 6480287422
    outs:
    - path: ./data/raw/made-cv-2021-contest-02-license-plate-recognition
      md5: 85747199f2b7b9aaee4b82f7cd79c3b9.dir
      size: 6515310377
      nfiles: 28795
